
Microsoft Visual Studio Solution File, Format Version 12.00
# Visual Studio Version 16
VisualStudioVersion = 16.0.30907.101
MinimumVisualStudioVersion = 10.0.40219.1
Project("{FAE04EC0-301F-11D3-BF4B-00C04F79EFBC}") = "FileCabinetApp", "FileCabinetApp\FileCabinetApp.csproj", "{DBFD541C-E3AC-4713-BEED-5C2548DD09F0}"
EndProject
Global
	GlobalSection(SolutionConfigurationPlatforms) = preSolution
		Debug|Any CPU = Debug|Any CPU
		Release|Any CPU = Release|Any CPU
	EndGlobalSection
	GlobalSection(ProjectConfigurationPlatforms) = postSolution
		{DBFD541C-E3AC-4713-BEED-5C2548DD09F0}.Debug|Any CPU.ActiveCfg = Debug|Any CPU
		{DBFD541C-E3AC-4713-BEED-5C2548DD09F0}.Debug|Any CPU.Build.0 = Debug|Any CPU
		{DBFD541C-E3AC-4713-BEED-5C2548DD09F0}.Release|Any CPU.ActiveCfg = Release|Any CPU
		{DBFD541C-E3AC-4713-BEED-5C2548DD09F0}.Release|Any CPU.Build.0 = Release|Any CPU
	EndGlobalSection
	GlobalSection(SolutionProperties) = preSolution
		HideSolutionNode = FALSE
	EndGlobalSection
	GlobalSection(ExtensibilityGlobals) = postSolution
		SolutionGuid = {E1EB8754-07EC-44E2-BA61-CC8E5F520BA7}
	EndGlobalSection
EndGlobal
